
Microsoft Visual Studio Solution File, Format Version 12.00
# Visual Studio 15
VisualStudioVersion = 15.0.28010.2003
MinimumVisualStudioVersion = 10.0.40219.1
Project("{FAE04EC0-301F-11D3-BF4B-00C04F79EFBC}") = "A.Plummer_CompetencyExam", "A.Plummer_CompetencyExam\A.Plummer_CompetencyExam.csproj", "{A1F1094A-060F-4665-9042-2EE8A785F62A}"
EndProject
Global
	GlobalSection(SolutionConfigurationPlatforms) = preSolution
		Debug|Any CPU = Debug|Any CPU
		Release|Any CPU = Release|Any CPU
	EndGlobalSection
	GlobalSection(ProjectConfigurationPlatforms) = postSolution
		{A1F1094A-060F-4665-9042-2EE8A785F62A}.Debug|Any CPU.ActiveCfg = Debug|Any CPU
		{A1F1094A-060F-4665-9042-2EE8A785F62A}.Debug|Any CPU.Build.0 = Debug|Any CPU
		{A1F1094A-060F-4665-9042-2EE8A785F62A}.Release|Any CPU.ActiveCfg = Release|Any CPU
		{A1F1094A-060F-4665-9042-2EE8A785F62A}.Release|Any CPU.Build.0 = Release|Any CPU
	EndGlobalSection
	GlobalSection(SolutionProperties) = preSolution
		HideSolutionNode = FALSE
	EndGlobalSection
	GlobalSection(ExtensibilityGlobals) = postSolution
		SolutionGuid = {2AE387A7-A5AA-47F6-92C3-06ABE96FDE48}
	EndGlobalSection
EndGlobal
