
Microsoft Visual Studio Solution File, Format Version 12.00
# Visual Studio 15
VisualStudioVersion = 15.0.28010.2003
MinimumVisualStudioVersion = 10.0.40219.1
Project("{FAE04EC0-301F-11D3-BF4B-00C04F79EFBC}") = "Palindrome", "Palindrome\Palindrome.csproj", "{32314B8B-8923-4F80-937F-A539F2E19928}"
EndProject
Global
	GlobalSection(SolutionConfigurationPlatforms) = preSolution
		Debug|Any CPU = Debug|Any CPU
		Release|Any CPU = Release|Any CPU
	EndGlobalSection
	GlobalSection(ProjectConfigurationPlatforms) = postSolution
		{32314B8B-8923-4F80-937F-A539F2E19928}.Debug|Any CPU.ActiveCfg = Debug|Any CPU
		{32314B8B-8923-4F80-937F-A539F2E19928}.Debug|Any CPU.Build.0 = Debug|Any CPU
		{32314B8B-8923-4F80-937F-A539F2E19928}.Release|Any CPU.ActiveCfg = Release|Any CPU
		{32314B8B-8923-4F80-937F-A539F2E19928}.Release|Any CPU.Build.0 = Release|Any CPU
	EndGlobalSection
	GlobalSection(SolutionProperties) = preSolution
		HideSolutionNode = FALSE
	EndGlobalSection
	GlobalSection(ExtensibilityGlobals) = postSolution
		SolutionGuid = {5E7058D5-4E89-44D1-9E1E-37C4FE58E3AF}
	EndGlobalSection
EndGlobal
