
Microsoft Visual Studio Solution File, Format Version 12.00
# Visual Studio 15
VisualStudioVersion = 15.0.28010.2003
MinimumVisualStudioVersion = 10.0.40219.1
Project("{FAE04EC0-301F-11D3-BF4B-00C04F79EFBC}") = "Alex Plummer - Hangman", "Alex Plummer - Hangman\Alex Plummer - Hangman.csproj", "{4B98C4E1-D307-4FB8-B2C9-1C11848CEF63}"
EndProject
Global
	GlobalSection(SolutionConfigurationPlatforms) = preSolution
		Debug|Any CPU = Debug|Any CPU
		Release|Any CPU = Release|Any CPU
	EndGlobalSection
	GlobalSection(ProjectConfigurationPlatforms) = postSolution
		{4B98C4E1-D307-4FB8-B2C9-1C11848CEF63}.Debug|Any CPU.ActiveCfg = Debug|Any CPU
		{4B98C4E1-D307-4FB8-B2C9-1C11848CEF63}.Debug|Any CPU.Build.0 = Debug|Any CPU
		{4B98C4E1-D307-4FB8-B2C9-1C11848CEF63}.Release|Any CPU.ActiveCfg = Release|Any CPU
		{4B98C4E1-D307-4FB8-B2C9-1C11848CEF63}.Release|Any CPU.Build.0 = Release|Any CPU
	EndGlobalSection
	GlobalSection(SolutionProperties) = preSolution
		HideSolutionNode = FALSE
	EndGlobalSection
	GlobalSection(ExtensibilityGlobals) = postSolution
		SolutionGuid = {4EB6469B-BF3F-4CDE-BE90-583C1F651546}
	EndGlobalSection
EndGlobal
